// !$*UTF8*$!
{
	archiveVersion = 1;
	classes = {
	};
	objectVersion = 46;
	objects = {

/* Begin PBXBuildFile section */
		7933707376B682DF6E58D87A /* Pods_Ora_Challenge.framework in Frameworks */ = {isa = PBXBuildFile; fileRef = 88EEBF53A23C4FE2AF220E91 /* Pods_Ora_Challenge.framework */; };
		FA1CA5331D690679002A7E8B /* AppDelegate.swift in Sources */ = {isa = PBXBuildFile; fileRef = FA1CA5321D690679002A7E8B /* AppDelegate.swift */; };
		FA1CA5351D690679002A7E8B /* MainViewController.swift in Sources */ = {isa = PBXBuildFile; fileRef = FA1CA5341D690679002A7E8B /* MainViewController.swift */; };
		FA1CA53A1D690679002A7E8B /* Assets.xcassets in Resources */ = {isa = PBXBuildFile; fileRef = FA1CA5391D690679002A7E8B /* Assets.xcassets */; };
		FA1CA54D1D690877002A7E8B /* MainStoryboard.storyboard in Resources */ = {isa = PBXBuildFile; fileRef = FA1CA5361D690679002A7E8B /* MainStoryboard.storyboard */; };
		FA1CA54F1D691DA9002A7E8B /* Services.swift in Sources */ = {isa = PBXBuildFile; fileRef = FA1CA54E1D691DA9002A7E8B /* Services.swift */; };
		FA1CA5531D6925DA002A7E8B /* Request.swift in Sources */ = {isa = PBXBuildFile; fileRef = FA1CA5521D6925DA002A7E8B /* Request.swift */; };
		FA1CA5551D692A9C002A7E8B /* Services+User.swift in Sources */ = {isa = PBXBuildFile; fileRef = FA1CA5541D692A9C002A7E8B /* Services+User.swift */; };
		FAAF0F161D6A170B00433DC7 /* NetworkCancelable.swift in Sources */ = {isa = PBXBuildFile; fileRef = FAAF0F151D6A170B00433DC7 /* NetworkCancelable.swift */; };
		FAAF0F191D6A27D100433DC7 /* Model.swift in Sources */ = {isa = PBXBuildFile; fileRef = FAAF0F181D6A27D100433DC7 /* Model.swift */; };
		FAAF0F1B1D6A27E800433DC7 /* User.swift in Sources */ = {isa = PBXBuildFile; fileRef = FAAF0F1A1D6A27E800433DC7 /* User.swift */; };
		FAAF0F1D1D6A2A2600433DC7 /* Chat.swift in Sources */ = {isa = PBXBuildFile; fileRef = FAAF0F1C1D6A2A2600433DC7 /* Chat.swift */; };
		FAAF0F1F1D6A2A2A00433DC7 /* Message.swift in Sources */ = {isa = PBXBuildFile; fileRef = FAAF0F1E1D6A2A2A00433DC7 /* Message.swift */; };
		FAAF0F211D6A306100433DC7 /* NSDate+Formatting.swift in Sources */ = {isa = PBXBuildFile; fileRef = FAAF0F201D6A306100433DC7 /* NSDate+Formatting.swift */; };
		FAAF0F231D6A322F00433DC7 /* Pagination.swift in Sources */ = {isa = PBXBuildFile; fileRef = FAAF0F221D6A322F00433DC7 /* Pagination.swift */; };
		FAAF0F251D6A374100433DC7 /* UIViewController+Utility.swift in Sources */ = {isa = PBXBuildFile; fileRef = FAAF0F241D6A374100433DC7 /* UIViewController+Utility.swift */; };
		FAAF0F281D6A3ADE00433DC7 /* LoginViewController.swift in Sources */ = {isa = PBXBuildFile; fileRef = FAAF0F271D6A3ADE00433DC7 /* LoginViewController.swift */; };
		FAAF0F2A1D6A3AE900433DC7 /* LoginStoryboard.storyboard in Resources */ = {isa = PBXBuildFile; fileRef = FAAF0F291D6A3AE900433DC7 /* LoginStoryboard.storyboard */; };
		FAAF0F2C1D6A3F5300433DC7 /* UIView+Unarchiving.swift in Sources */ = {isa = PBXBuildFile; fileRef = FAAF0F2B1D6A3F5300433DC7 /* UIView+Unarchiving.swift */; };
		FAAF0F2E1D6A3F5900433DC7 /* UIView+AutoLayout.swift in Sources */ = {isa = PBXBuildFile; fileRef = FAAF0F2D1D6A3F5900433DC7 /* UIView+AutoLayout.swift */; };
		FAAF0F311D6A405D00433DC7 /* View.swift in Sources */ = {isa = PBXBuildFile; fileRef = FAAF0F301D6A405D00433DC7 /* View.swift */; };
		FAAF0F341D6A436000433DC7 /* SignInField.swift in Sources */ = {isa = PBXBuildFile; fileRef = FAAF0F331D6A436000433DC7 /* SignInField.swift */; };
		FAAF0F361D6A438700433DC7 /* SignInField.xib in Resources */ = {isa = PBXBuildFile; fileRef = FAAF0F351D6A438700433DC7 /* SignInField.xib */; };
		FAAF0F381D6A6C4B00433DC7 /* SignInFieldModel.swift in Sources */ = {isa = PBXBuildFile; fileRef = FAAF0F371D6A6C4B00433DC7 /* SignInFieldModel.swift */; };
		FAAF0F3A1D6BA77C00433DC7 /* UIColor+Utility.swift in Sources */ = {isa = PBXBuildFile; fileRef = FAAF0F391D6BA77C00433DC7 /* UIColor+Utility.swift */; };
		FAAF0F3E1D6BA92700433DC7 /* UINavigationBar+Utility.swift in Sources */ = {isa = PBXBuildFile; fileRef = FAAF0F3D1D6BA92700433DC7 /* UINavigationBar+Utility.swift */; };
		FAAF0F401D6BAF1700433DC7 /* Services+Chat.swift in Sources */ = {isa = PBXBuildFile; fileRef = FAAF0F3F1D6BAF1700433DC7 /* Services+Chat.swift */; };
		FAAF0F421D6BAF1D00433DC7 /* Services+Messages.swift in Sources */ = {isa = PBXBuildFile; fileRef = FAAF0F411D6BAF1D00433DC7 /* Services+Messages.swift */; };
		FAAF0F481D6BCB7900433DC7 /* ChatListStoryboard.storyboard in Resources */ = {isa = PBXBuildFile; fileRef = FAAF0F471D6BCB7900433DC7 /* ChatListStoryboard.storyboard */; };
		FAAF0F4A1D6BCB8D00433DC7 /* ChatListViewController.swift in Sources */ = {isa = PBXBuildFile; fileRef = FAAF0F491D6BCB8D00433DC7 /* ChatListViewController.swift */; };
		FAAF0F4E1D6BD2AF00433DC7 /* ChatTableViewCell.swift in Sources */ = {isa = PBXBuildFile; fileRef = FAAF0F4D1D6BD2AF00433DC7 /* ChatTableViewCell.swift */; };
		FAAF0F501D6BD30E00433DC7 /* ReusableView.swift in Sources */ = {isa = PBXBuildFile; fileRef = FAAF0F4F1D6BD30E00433DC7 /* ReusableView.swift */; };
		FAAF0F521D6BD38E00433DC7 /* UITableView+Registration.swift in Sources */ = {isa = PBXBuildFile; fileRef = FAAF0F511D6BD38E00433DC7 /* UITableView+Registration.swift */; };
		FAAF0F541D6BD7CC00433DC7 /* NSDate+Utility.swift in Sources */ = {isa = PBXBuildFile; fileRef = FAAF0F531D6BD7CC00433DC7 /* NSDate+Utility.swift */; };
		FAAF0F561D6BF03F00433DC7 /* TableViewCell.swift in Sources */ = {isa = PBXBuildFile; fileRef = FAAF0F551D6BF03F00433DC7 /* TableViewCell.swift */; };
		FAAF0F591D6BF06000433DC7 /* Updatable.swift in Sources */ = {isa = PBXBuildFile; fileRef = FAAF0F581D6BF06000433DC7 /* Updatable.swift */; };
		FAAF0F5C1D6BF0E600433DC7 /* ChatViewController.swift in Sources */ = {isa = PBXBuildFile; fileRef = FAAF0F5B1D6BF0E600433DC7 /* ChatViewController.swift */; };
		FAAF0F5E1D6BF0F300433DC7 /* ChatStoryboard.storyboard in Resources */ = {isa = PBXBuildFile; fileRef = FAAF0F5D1D6BF0F300433DC7 /* ChatStoryboard.storyboard */; };
		FAAF0F611D6BF38100433DC7 /* MessageTableViewCell.swift in Sources */ = {isa = PBXBuildFile; fileRef = FAAF0F601D6BF38100433DC7 /* MessageTableViewCell.swift */; };
		FAAF0F641D6BF49200433DC7 /* UserManager.swift in Sources */ = {isa = PBXBuildFile; fileRef = FAAF0F631D6BF49200433DC7 /* UserManager.swift */; };
/* End PBXBuildFile section */

/* Begin PBXFileReference section */
		88EEBF53A23C4FE2AF220E91 /* Pods_Ora_Challenge.framework */ = {isa = PBXFileReference; explicitFileType = wrapper.framework; includeInIndex = 0; path = Pods_Ora_Challenge.framework; sourceTree = BUILT_PRODUCTS_DIR; };
		F1EC18C4C42D537B9847B3BC /* Pods-Ora Challenge.debug.xcconfig */ = {isa = PBXFileReference; includeInIndex = 1; lastKnownFileType = text.xcconfig; name = "Pods-Ora Challenge.debug.xcconfig"; path = "Pods/Target Support Files/Pods-Ora Challenge/Pods-Ora Challenge.debug.xcconfig"; sourceTree = "<group>"; };
		F26C5AC92D909F759B49BD6B /* Pods-Ora Challenge.release.xcconfig */ = {isa = PBXFileReference; includeInIndex = 1; lastKnownFileType = text.xcconfig; name = "Pods-Ora Challenge.release.xcconfig"; path = "Pods/Target Support Files/Pods-Ora Challenge/Pods-Ora Challenge.release.xcconfig"; sourceTree = "<group>"; };
		FA1CA52F1D690679002A7E8B /* Ora Challenge.app */ = {isa = PBXFileReference; explicitFileType = wrapper.application; includeInIndex = 0; path = "Ora Challenge.app"; sourceTree = BUILT_PRODUCTS_DIR; };
		FA1CA5321D690679002A7E8B /* AppDelegate.swift */ = {isa = PBXFileReference; lastKnownFileType = sourcecode.swift; path = AppDelegate.swift; sourceTree = "<group>"; };
		FA1CA5341D690679002A7E8B /* MainViewController.swift */ = {isa = PBXFileReference; lastKnownFileType = sourcecode.swift; path = MainViewController.swift; sourceTree = "<group>"; };
		FA1CA5371D690679002A7E8B /* Base */ = {isa = PBXFileReference; lastKnownFileType = file.storyboard; name = Base; path = Base.lproj/MainStoryboard.storyboard; sourceTree = "<group>"; };
		FA1CA5391D690679002A7E8B /* Assets.xcassets */ = {isa = PBXFileReference; lastKnownFileType = folder.assetcatalog; path = Assets.xcassets; sourceTree = "<group>"; };
		FA1CA53E1D690679002A7E8B /* Info.plist */ = {isa = PBXFileReference; lastKnownFileType = text.plist.xml; path = Info.plist; sourceTree = "<group>"; };
		FA1CA54E1D691DA9002A7E8B /* Services.swift */ = {isa = PBXFileReference; fileEncoding = 4; lastKnownFileType = sourcecode.swift; path = Services.swift; sourceTree = "<group>"; };
		FA1CA5521D6925DA002A7E8B /* Request.swift */ = {isa = PBXFileReference; fileEncoding = 4; lastKnownFileType = sourcecode.swift; path = Request.swift; sourceTree = "<group>"; };
		FA1CA5541D692A9C002A7E8B /* Services+User.swift */ = {isa = PBXFileReference; fileEncoding = 4; lastKnownFileType = sourcecode.swift; path = "Services+User.swift"; sourceTree = "<group>"; };
		FAAF0F151D6A170B00433DC7 /* NetworkCancelable.swift */ = {isa = PBXFileReference; fileEncoding = 4; lastKnownFileType = sourcecode.swift; path = NetworkCancelable.swift; sourceTree = "<group>"; };
		FAAF0F181D6A27D100433DC7 /* Model.swift */ = {isa = PBXFileReference; fileEncoding = 4; lastKnownFileType = sourcecode.swift; path = Model.swift; sourceTree = "<group>"; };
		FAAF0F1A1D6A27E800433DC7 /* User.swift */ = {isa = PBXFileReference; fileEncoding = 4; lastKnownFileType = sourcecode.swift; path = User.swift; sourceTree = "<group>"; };
		FAAF0F1C1D6A2A2600433DC7 /* Chat.swift */ = {isa = PBXFileReference; fileEncoding = 4; lastKnownFileType = sourcecode.swift; path = Chat.swift; sourceTree = "<group>"; };
		FAAF0F1E1D6A2A2A00433DC7 /* Message.swift */ = {isa = PBXFileReference; fileEncoding = 4; lastKnownFileType = sourcecode.swift; path = Message.swift; sourceTree = "<group>"; };
		FAAF0F201D6A306100433DC7 /* NSDate+Formatting.swift */ = {isa = PBXFileReference; fileEncoding = 4; lastKnownFileType = sourcecode.swift; path = "NSDate+Formatting.swift"; sourceTree = "<group>"; };
		FAAF0F221D6A322F00433DC7 /* Pagination.swift */ = {isa = PBXFileReference; fileEncoding = 4; lastKnownFileType = sourcecode.swift; path = Pagination.swift; sourceTree = "<group>"; };
		FAAF0F241D6A374100433DC7 /* UIViewController+Utility.swift */ = {isa = PBXFileReference; fileEncoding = 4; lastKnownFileType = sourcecode.swift; path = "UIViewController+Utility.swift"; sourceTree = "<group>"; };
		FAAF0F271D6A3ADE00433DC7 /* LoginViewController.swift */ = {isa = PBXFileReference; fileEncoding = 4; lastKnownFileType = sourcecode.swift; path = LoginViewController.swift; sourceTree = "<group>"; };
		FAAF0F291D6A3AE900433DC7 /* LoginStoryboard.storyboard */ = {isa = PBXFileReference; fileEncoding = 4; lastKnownFileType = file.storyboard; path = LoginStoryboard.storyboard; sourceTree = "<group>"; };
		FAAF0F2B1D6A3F5300433DC7 /* UIView+Unarchiving.swift */ = {isa = PBXFileReference; fileEncoding = 4; lastKnownFileType = sourcecode.swift; path = "UIView+Unarchiving.swift"; sourceTree = "<group>"; };
		FAAF0F2D1D6A3F5900433DC7 /* UIView+AutoLayout.swift */ = {isa = PBXFileReference; fileEncoding = 4; lastKnownFileType = sourcecode.swift; path = "UIView+AutoLayout.swift"; sourceTree = "<group>"; };
		FAAF0F301D6A405D00433DC7 /* View.swift */ = {isa = PBXFileReference; fileEncoding = 4; lastKnownFileType = sourcecode.swift; path = View.swift; sourceTree = "<group>"; };
		FAAF0F331D6A436000433DC7 /* SignInField.swift */ = {isa = PBXFileReference; fileEncoding = 4; lastKnownFileType = sourcecode.swift; path = SignInField.swift; sourceTree = "<group>"; };
		FAAF0F351D6A438700433DC7 /* SignInField.xib */ = {isa = PBXFileReference; fileEncoding = 4; lastKnownFileType = file.xib; path = SignInField.xib; sourceTree = "<group>"; };
		FAAF0F371D6A6C4B00433DC7 /* SignInFieldModel.swift */ = {isa = PBXFileReference; fileEncoding = 4; lastKnownFileType = sourcecode.swift; path = SignInFieldModel.swift; sourceTree = "<group>"; };
		FAAF0F391D6BA77C00433DC7 /* UIColor+Utility.swift */ = {isa = PBXFileReference; fileEncoding = 4; lastKnownFileType = sourcecode.swift; path = "UIColor+Utility.swift"; sourceTree = "<group>"; };
		FAAF0F3D1D6BA92700433DC7 /* UINavigationBar+Utility.swift */ = {isa = PBXFileReference; fileEncoding = 4; lastKnownFileType = sourcecode.swift; path = "UINavigationBar+Utility.swift"; sourceTree = "<group>"; };
		FAAF0F3F1D6BAF1700433DC7 /* Services+Chat.swift */ = {isa = PBXFileReference; fileEncoding = 4; lastKnownFileType = sourcecode.swift; path = "Services+Chat.swift"; sourceTree = "<group>"; };
		FAAF0F411D6BAF1D00433DC7 /* Services+Messages.swift */ = {isa = PBXFileReference; fileEncoding = 4; lastKnownFileType = sourcecode.swift; path = "Services+Messages.swift"; sourceTree = "<group>"; };
		FAAF0F471D6BCB7900433DC7 /* ChatListStoryboard.storyboard */ = {isa = PBXFileReference; fileEncoding = 4; lastKnownFileType = file.storyboard; path = ChatListStoryboard.storyboard; sourceTree = "<group>"; };
		FAAF0F491D6BCB8D00433DC7 /* ChatListViewController.swift */ = {isa = PBXFileReference; fileEncoding = 4; lastKnownFileType = sourcecode.swift; path = ChatListViewController.swift; sourceTree = "<group>"; };
		FAAF0F4D1D6BD2AF00433DC7 /* ChatTableViewCell.swift */ = {isa = PBXFileReference; fileEncoding = 4; lastKnownFileType = sourcecode.swift; path = ChatTableViewCell.swift; sourceTree = "<group>"; };
		FAAF0F4F1D6BD30E00433DC7 /* ReusableView.swift */ = {isa = PBXFileReference; fileEncoding = 4; lastKnownFileType = sourcecode.swift; path = ReusableView.swift; sourceTree = "<group>"; };
		FAAF0F511D6BD38E00433DC7 /* UITableView+Registration.swift */ = {isa = PBXFileReference; fileEncoding = 4; lastKnownFileType = sourcecode.swift; path = "UITableView+Registration.swift"; sourceTree = "<group>"; };
		FAAF0F531D6BD7CC00433DC7 /* NSDate+Utility.swift */ = {isa = PBXFileReference; fileEncoding = 4; lastKnownFileType = sourcecode.swift; path = "NSDate+Utility.swift"; sourceTree = "<group>"; };
		FAAF0F551D6BF03F00433DC7 /* TableViewCell.swift */ = {isa = PBXFileReference; fileEncoding = 4; lastKnownFileType = sourcecode.swift; path = TableViewCell.swift; sourceTree = "<group>"; };
		FAAF0F581D6BF06000433DC7 /* Updatable.swift */ = {isa = PBXFileReference; fileEncoding = 4; lastKnownFileType = sourcecode.swift; path = Updatable.swift; sourceTree = "<group>"; };
		FAAF0F5B1D6BF0E600433DC7 /* ChatViewController.swift */ = {isa = PBXFileReference; fileEncoding = 4; lastKnownFileType = sourcecode.swift; path = ChatViewController.swift; sourceTree = "<group>"; };
		FAAF0F5D1D6BF0F300433DC7 /* ChatStoryboard.storyboard */ = {isa = PBXFileReference; fileEncoding = 4; lastKnownFileType = file.storyboard; path = ChatStoryboard.storyboard; sourceTree = "<group>"; };
		FAAF0F601D6BF38100433DC7 /* MessageTableViewCell.swift */ = {isa = PBXFileReference; fileEncoding = 4; lastKnownFileType = sourcecode.swift; path = MessageTableViewCell.swift; sourceTree = "<group>"; };
		FAAF0F631D6BF49200433DC7 /* UserManager.swift */ = {isa = PBXFileReference; fileEncoding = 4; lastKnownFileType = sourcecode.swift; path = UserManager.swift; sourceTree = "<group>"; };
/* End PBXFileReference section */

/* Begin PBXFrameworksBuildPhase section */
		FA1CA52C1D690679002A7E8B /* Frameworks */ = {
			isa = PBXFrameworksBuildPhase;
			buildActionMask = 2147483647;
			files = (
				7933707376B682DF6E58D87A /* Pods_Ora_Challenge.framework in Frameworks */,
			);
			runOnlyForDeploymentPostprocessing = 0;
		};
/* End PBXFrameworksBuildPhase section */

/* Begin PBXGroup section */
		0A9354747C2DC1D899C0CD10 /* Frameworks */ = {
			isa = PBXGroup;
			children = (
				88EEBF53A23C4FE2AF220E91 /* Pods_Ora_Challenge.framework */,
			);
			name = Frameworks;
			sourceTree = "<group>";
		};
		C053C337993D5C427E1D4E1B /* Pods */ = {
			isa = PBXGroup;
			children = (
				F1EC18C4C42D537B9847B3BC /* Pods-Ora Challenge.debug.xcconfig */,
				F26C5AC92D909F759B49BD6B /* Pods-Ora Challenge.release.xcconfig */,
			);
			name = Pods;
			sourceTree = "<group>";
		};
		FA1CA5261D690679002A7E8B = {
			isa = PBXGroup;
			children = (
				FA1CA5311D690679002A7E8B /* Ora Challenge */,
				FA1CA5301D690679002A7E8B /* Products */,
				C053C337993D5C427E1D4E1B /* Pods */,
				0A9354747C2DC1D899C0CD10 /* Frameworks */,
			);
			sourceTree = "<group>";
		};
		FA1CA5301D690679002A7E8B /* Products */ = {
			isa = PBXGroup;
			children = (
				FA1CA52F1D690679002A7E8B /* Ora Challenge.app */,
			);
			name = Products;
			sourceTree = "<group>";
		};
		FA1CA5311D690679002A7E8B /* Ora Challenge */ = {
			isa = PBXGroup;
			children = (
				FA1CA5321D690679002A7E8B /* AppDelegate.swift */,
				FA1CA5441D69076A002A7E8B /* Views */,
				FA1CA5491D6907BD002A7E8B /* Models */,
				FA1CA5471D6907A0002A7E8B /* Services */,
				FAAF0F621D6BF47C00433DC7 /* Managers */,
				FA1CA54A1D6907C6002A7E8B /* Categories */,
				FA1CA5461D69079C002A7E8B /* Assets */,
				FA1CA5481D6907AB002A7E8B /* Supporting Files */,
			);
			path = "Ora Challenge";
			sourceTree = "<group>";
		};
		FA1CA5441D69076A002A7E8B /* Views */ = {
			isa = PBXGroup;
			children = (
				FA1CA5451D690770002A7E8B /* Main */,
				FAAF0F261D6A3A6C00433DC7 /* Login */,
				FAAF0F461D6BCB4A00433DC7 /* Chat List */,
				FAAF0F5A1D6BF0D800433DC7 /* Chat */,
				FAAF0F2F1D6A404800433DC7 /* Shared */,
			);
			path = Views;
			sourceTree = "<group>";
		};
		FA1CA5451D690770002A7E8B /* Main */ = {
			isa = PBXGroup;
			children = (
				FA1CA5361D690679002A7E8B /* MainStoryboard.storyboard */,
				FA1CA5341D690679002A7E8B /* MainViewController.swift */,
			);
			name = Main;
			sourceTree = "<group>";
		};
		FA1CA5461D69079C002A7E8B /* Assets */ = {
			isa = PBXGroup;
			children = (
				FA1CA5391D690679002A7E8B /* Assets.xcassets */,
			);
			path = Assets;
			sourceTree = "<group>";
		};
		FA1CA5471D6907A0002A7E8B /* Services */ = {
			isa = PBXGroup;
			children = (
				FA1CA54E1D691DA9002A7E8B /* Services.swift */,
				FA1CA5541D692A9C002A7E8B /* Services+User.swift */,
				FAAF0F3F1D6BAF1700433DC7 /* Services+Chat.swift */,
				FAAF0F411D6BAF1D00433DC7 /* Services+Messages.swift */,
				FA1CA5521D6925DA002A7E8B /* Request.swift */,
				FAAF0F151D6A170B00433DC7 /* NetworkCancelable.swift */,
			);
			path = Services;
			sourceTree = "<group>";
		};
		FA1CA5481D6907AB002A7E8B /* Supporting Files */ = {
			isa = PBXGroup;
			children = (
				FA1CA53E1D690679002A7E8B /* Info.plist */,
			);
			path = "Supporting Files";
			sourceTree = "<group>";
		};
		FA1CA5491D6907BD002A7E8B /* Models */ = {
			isa = PBXGroup;
			children = (
				FAAF0F181D6A27D100433DC7 /* Model.swift */,
				FAAF0F1A1D6A27E800433DC7 /* User.swift */,
				FAAF0F1C1D6A2A2600433DC7 /* Chat.swift */,
				FAAF0F1E1D6A2A2A00433DC7 /* Message.swift */,
				FAAF0F221D6A322F00433DC7 /* Pagination.swift */,
				FAAF0F431D6BC52400433DC7 /* Shared */,
			);
			path = Models;
			sourceTree = "<group>";
		};
		FA1CA54A1D6907C6002A7E8B /* Categories */ = {
			isa = PBXGroup;
			children = (
				FAAF0F201D6A306100433DC7 /* NSDate+Formatting.swift */,
				FAAF0F531D6BD7CC00433DC7 /* NSDate+Utility.swift */,
				FAAF0F241D6A374100433DC7 /* UIViewController+Utility.swift */,
				FAAF0F2D1D6A3F5900433DC7 /* UIView+AutoLayout.swift */,
				FAAF0F2B1D6A3F5300433DC7 /* UIView+Unarchiving.swift */,
				FAAF0F511D6BD38E00433DC7 /* UITableView+Registration.swift */,
				FAAF0F3D1D6BA92700433DC7 /* UINavigationBar+Utility.swift */,
				FAAF0F391D6BA77C00433DC7 /* UIColor+Utility.swift */,
			);
			path = Categories;
			sourceTree = "<group>";
		};
		FAAF0F261D6A3A6C00433DC7 /* Login */ = {
			isa = PBXGroup;
			children = (
				FAAF0F291D6A3AE900433DC7 /* LoginStoryboard.storyboard */,
				FAAF0F271D6A3ADE00433DC7 /* LoginViewController.swift */,
			);
			name = Login;
			sourceTree = "<group>";
		};
		FAAF0F2F1D6A404800433DC7 /* Shared */ = {
			isa = PBXGroup;
			children = (
				FAAF0F301D6A405D00433DC7 /* View.swift */,
				FAAF0F571D6BF04D00433DC7 /* Protocols */,
				FAAF0F551D6BF03F00433DC7 /* TableViewCell.swift */,
				FAAF0F4F1D6BD30E00433DC7 /* ReusableView.swift */,
				FAAF0F321D6A431600433DC7 /* Form */,
			);
			name = Shared;
			sourceTree = "<group>";
		};
		FAAF0F321D6A431600433DC7 /* Form */ = {
			isa = PBXGroup;
			children = (
				FAAF0F351D6A438700433DC7 /* SignInField.xib */,
				FAAF0F331D6A436000433DC7 /* SignInField.swift */,
				FAAF0F371D6A6C4B00433DC7 /* SignInFieldModel.swift */,
			);
			name = Form;
			sourceTree = "<group>";
		};
		FAAF0F431D6BC52400433DC7 /* Shared */ = {
			isa = PBXGroup;
			children = (
			);
			name = Shared;
			sourceTree = "<group>";
		};
		FAAF0F461D6BCB4A00433DC7 /* Chat List */ = {
			isa = PBXGroup;
			children = (
				FAAF0F471D6BCB7900433DC7 /* ChatListStoryboard.storyboard */,
				FAAF0F491D6BCB8D00433DC7 /* ChatListViewController.swift */,
				FAAF0F4C1D6BD29C00433DC7 /* Cells */,
			);
			name = "Chat List";
			sourceTree = "<group>";
		};
		FAAF0F4C1D6BD29C00433DC7 /* Cells */ = {
			isa = PBXGroup;
			children = (
				FAAF0F4D1D6BD2AF00433DC7 /* ChatTableViewCell.swift */,
			);
			name = Cells;
			sourceTree = "<group>";
		};
		FAAF0F571D6BF04D00433DC7 /* Protocols */ = {
			isa = PBXGroup;
			children = (
				FAAF0F581D6BF06000433DC7 /* Updatable.swift */,
			);
			name = Protocols;
			sourceTree = "<group>";
		};
		FAAF0F5A1D6BF0D800433DC7 /* Chat */ = {
			isa = PBXGroup;
			children = (
				FAAF0F5D1D6BF0F300433DC7 /* ChatStoryboard.storyboard */,
				FAAF0F5B1D6BF0E600433DC7 /* ChatViewController.swift */,
				FAAF0F5F1D6BF37000433DC7 /* Cells */,
			);
			name = Chat;
			sourceTree = "<group>";
		};
		FAAF0F5F1D6BF37000433DC7 /* Cells */ = {
			isa = PBXGroup;
			children = (
				FAAF0F601D6BF38100433DC7 /* MessageTableViewCell.swift */,
			);
			name = Cells;
			sourceTree = "<group>";
		};
		FAAF0F621D6BF47C00433DC7 /* Managers */ = {
			isa = PBXGroup;
			children = (
				FAAF0F631D6BF49200433DC7 /* UserManager.swift */,
			);
			name = Managers;
			path = Services;
			sourceTree = "<group>";
		};
/* End PBXGroup section */

/* Begin PBXNativeTarget section */
		FA1CA52E1D690679002A7E8B /* Ora Challenge */ = {
			isa = PBXNativeTarget;
			buildConfigurationList = FA1CA5411D690679002A7E8B /* Build configuration list for PBXNativeTarget "Ora Challenge" */;
			buildPhases = (
				9961BC8FAFBA093EBF6BD359 /* Check Pods Manifest.lock */,
				FA1CA52B1D690679002A7E8B /* Sources */,
				FA1CA52C1D690679002A7E8B /* Frameworks */,
				FA1CA52D1D690679002A7E8B /* Resources */,
				E050A4E3B1613227F76C8428 /* Embed Pods Frameworks */,
				45474BAA08C71E1DA661B3F3 /* Copy Pods Resources */,
			);
			buildRules = (
			);
			dependencies = (
			);
			name = "Ora Challenge";
			productName = "Ora Challenge";
			productReference = FA1CA52F1D690679002A7E8B /* Ora Challenge.app */;
			productType = "com.apple.product-type.application";
		};
/* End PBXNativeTarget section */

/* Begin PBXProject section */
		FA1CA5271D690679002A7E8B /* Project object */ = {
			isa = PBXProject;
			attributes = {
				LastSwiftUpdateCheck = 0730;
				LastUpgradeCheck = 0730;
				ORGANIZATIONNAME = "Alex Koller";
				TargetAttributes = {
					FA1CA52E1D690679002A7E8B = {
						CreatedOnToolsVersion = 7.3.1;
					};
				};
			};
			buildConfigurationList = FA1CA52A1D690679002A7E8B /* Build configuration list for PBXProject "Ora Challenge" */;
			compatibilityVersion = "Xcode 3.2";
			developmentRegion = English;
			hasScannedForEncodings = 0;
			knownRegions = (
				en,
				Base,
			);
			mainGroup = FA1CA5261D690679002A7E8B;
			productRefGroup = FA1CA5301D690679002A7E8B /* Products */;
			projectDirPath = "";
			projectRoot = "";
			targets = (
				FA1CA52E1D690679002A7E8B /* Ora Challenge */,
			);
		};
/* End PBXProject section */

/* Begin PBXResourcesBuildPhase section */
		FA1CA52D1D690679002A7E8B /* Resources */ = {
			isa = PBXResourcesBuildPhase;
			buildActionMask = 2147483647;
			files = (
				FA1CA54D1D690877002A7E8B /* MainStoryboard.storyboard in Resources */,
				FAAF0F5E1D6BF0F300433DC7 /* ChatStoryboard.storyboard in Resources */,
				FAAF0F481D6BCB7900433DC7 /* ChatListStoryboard.storyboard in Resources */,
				FA1CA53A1D690679002A7E8B /* Assets.xcassets in Resources */,
				FAAF0F361D6A438700433DC7 /* SignInField.xib in Resources */,
				FAAF0F2A1D6A3AE900433DC7 /* LoginStoryboard.storyboard in Resources */,
			);
			runOnlyForDeploymentPostprocessing = 0;
		};
/* End PBXResourcesBuildPhase section */

/* Begin PBXShellScriptBuildPhase section */
		45474BAA08C71E1DA661B3F3 /* Copy Pods Resources */ = {
			isa = PBXShellScriptBuildPhase;
			buildActionMask = 2147483647;
			files = (
			);
			inputPaths = (
			);
			name = "Copy Pods Resources";
			outputPaths = (
			);
			runOnlyForDeploymentPostprocessing = 0;
			shellPath = /bin/sh;
			shellScript = "\"${SRCROOT}/Pods/Target Support Files/Pods-Ora Challenge/Pods-Ora Challenge-resources.sh\"\n";
			showEnvVarsInLog = 0;
		};
		9961BC8FAFBA093EBF6BD359 /* Check Pods Manifest.lock */ = {
			isa = PBXShellScriptBuildPhase;
			buildActionMask = 2147483647;
			files = (
			);
			inputPaths = (
			);
			name = "Check Pods Manifest.lock";
			outputPaths = (
			);
			runOnlyForDeploymentPostprocessing = 0;
			shellPath = /bin/sh;
			shellScript = "diff \"${PODS_ROOT}/../Podfile.lock\" \"${PODS_ROOT}/Manifest.lock\" > /dev/null\nif [[ $? != 0 ]] ; then\n    cat << EOM\nerror: The sandbox is not in sync with the Podfile.lock. Run 'pod install' or update your CocoaPods installation.\nEOM\n    exit 1\nfi\n";
			showEnvVarsInLog = 0;
		};
		E050A4E3B1613227F76C8428 /* Embed Pods Frameworks */ = {
			isa = PBXShellScriptBuildPhase;
			buildActionMask = 2147483647;
			files = (
			);
			inputPaths = (
			);
			name = "Embed Pods Frameworks";
			outputPaths = (
			);
			runOnlyForDeploymentPostprocessing = 0;
			shellPath = /bin/sh;
			shellScript = "\"${SRCROOT}/Pods/Target Support Files/Pods-Ora Challenge/Pods-Ora Challenge-frameworks.sh\"\n";
			showEnvVarsInLog = 0;
		};
/* End PBXShellScriptBuildPhase section */

/* Begin PBXSourcesBuildPhase section */
		FA1CA52B1D690679002A7E8B /* Sources */ = {
			isa = PBXSourcesBuildPhase;
			buildActionMask = 2147483647;
			files = (
				FAAF0F281D6A3ADE00433DC7 /* LoginViewController.swift in Sources */,
				FAAF0F191D6A27D100433DC7 /* Model.swift in Sources */,
				FAAF0F341D6A436000433DC7 /* SignInField.swift in Sources */,
				FAAF0F161D6A170B00433DC7 /* NetworkCancelable.swift in Sources */,
				FA1CA5351D690679002A7E8B /* MainViewController.swift in Sources */,
				FAAF0F311D6A405D00433DC7 /* View.swift in Sources */,
				FAAF0F2C1D6A3F5300433DC7 /* UIView+Unarchiving.swift in Sources */,
				FAAF0F501D6BD30E00433DC7 /* ReusableView.swift in Sources */,
				FAAF0F4E1D6BD2AF00433DC7 /* ChatTableViewCell.swift in Sources */,
				FAAF0F641D6BF49200433DC7 /* UserManager.swift in Sources */,
				FAAF0F561D6BF03F00433DC7 /* TableViewCell.swift in Sources */,
				FAAF0F401D6BAF1700433DC7 /* Services+Chat.swift in Sources */,
				FAAF0F521D6BD38E00433DC7 /* UITableView+Registration.swift in Sources */,
				FAAF0F591D6BF06000433DC7 /* Updatable.swift in Sources */,
				FA1CA5551D692A9C002A7E8B /* Services+User.swift in Sources */,
				FAAF0F211D6A306100433DC7 /* NSDate+Formatting.swift in Sources */,
				FAAF0F1D1D6A2A2600433DC7 /* Chat.swift in Sources */,
				FAAF0F251D6A374100433DC7 /* UIViewController+Utility.swift in Sources */,
				FAAF0F421D6BAF1D00433DC7 /* Services+Messages.swift in Sources */,
				FAAF0F381D6A6C4B00433DC7 /* SignInFieldModel.swift in Sources */,
				FAAF0F1B1D6A27E800433DC7 /* User.swift in Sources */,
				FA1CA5531D6925DA002A7E8B /* Request.swift in Sources */,
				FAAF0F1F1D6A2A2A00433DC7 /* Message.swift in Sources */,
				FAAF0F231D6A322F00433DC7 /* Pagination.swift in Sources */,
				FAAF0F541D6BD7CC00433DC7 /* NSDate+Utility.swift in Sources */,
				FAAF0F4A1D6BCB8D00433DC7 /* ChatListViewController.swift in Sources */,
				FAAF0F3A1D6BA77C00433DC7 /* UIColor+Utility.swift in Sources */,
				FAAF0F2E1D6A3F5900433DC7 /* UIView+AutoLayout.swift in Sources */,
				FA1CA54F1D691DA9002A7E8B /* Services.swift in Sources */,
				FA1CA5331D690679002A7E8B /* AppDelegate.swift in Sources */,
				FAAF0F611D6BF38100433DC7 /* MessageTableViewCell.swift in Sources */,
				FAAF0F3E1D6BA92700433DC7 /* UINavigationBar+Utility.swift in Sources */,
				FAAF0F5C1D6BF0E600433DC7 /* ChatViewController.swift in Sources */,
			);
			runOnlyForDeploymentPostprocessing = 0;
		};
/* End PBXSourcesBuildPhase section */

/* Begin PBXVariantGroup section */
		FA1CA5361D690679002A7E8B /* MainStoryboard.storyboard */ = {
			isa = PBXVariantGroup;
			children = (
				FA1CA5371D690679002A7E8B /* Base */,
			);
			name = MainStoryboard.storyboard;
			sourceTree = "<group>";
		};
/* End PBXVariantGroup section */

/* Begin XCBuildConfiguration section */
		FA1CA53F1D690679002A7E8B /* Debug */ = {
			isa = XCBuildConfiguration;
			buildSettings = {
				ALWAYS_SEARCH_USER_PATHS = NO;
				CLANG_ANALYZER_NONNULL = YES;
				CLANG_CXX_LANGUAGE_STANDARD = "gnu++0x";
				CLANG_CXX_LIBRARY = "libc++";
				CLANG_ENABLE_MODULES = YES;
				CLANG_ENABLE_OBJC_ARC = YES;
				CLANG_WARN_BOOL_CONVERSION = YES;
				CLANG_WARN_CONSTANT_CONVERSION = YES;
				CLANG_WARN_DIRECT_OBJC_ISA_USAGE = YES_ERROR;
				CLANG_WARN_EMPTY_BODY = YES;
				CLANG_WARN_ENUM_CONVERSION = YES;
				CLANG_WARN_INT_CONVERSION = YES;
				CLANG_WARN_OBJC_ROOT_CLASS = YES_ERROR;
				CLANG_WARN_UNREACHABLE_CODE = YES;
				CLANG_WARN__DUPLICATE_METHOD_MATCH = YES;
				"CODE_SIGN_IDENTITY[sdk=iphoneos*]" = "iPhone Developer";
				COPY_PHASE_STRIP = NO;
				DEBUG_INFORMATION_FORMAT = dwarf;
				ENABLE_STRICT_OBJC_MSGSEND = YES;
				ENABLE_TESTABILITY = YES;
				GCC_C_LANGUAGE_STANDARD = gnu99;
				GCC_DYNAMIC_NO_PIC = NO;
				GCC_NO_COMMON_BLOCKS = YES;
				GCC_OPTIMIZATION_LEVEL = 0;
				GCC_PREPROCESSOR_DEFINITIONS = (
					"DEBUG=1",
					"$(inherited)",
				);
				GCC_WARN_64_TO_32_BIT_CONVERSION = YES;
				GCC_WARN_ABOUT_RETURN_TYPE = YES_ERROR;
				GCC_WARN_UNDECLARED_SELECTOR = YES;
				GCC_WARN_UNINITIALIZED_AUTOS = YES_AGGRESSIVE;
				GCC_WARN_UNUSED_FUNCTION = YES;
				GCC_WARN_UNUSED_VARIABLE = YES;
				IPHONEOS_DEPLOYMENT_TARGET = 9.0;
				MODULE_NAME = OraChallenge;
				MTL_ENABLE_DEBUG_INFO = YES;
				ONLY_ACTIVE_ARCH = YES;
				SDKROOT = iphoneos;
				SWIFT_OPTIMIZATION_LEVEL = "-Onone";
			};
			name = Debug;
		};
		FA1CA5401D690679002A7E8B /* Release */ = {
			isa = XCBuildConfiguration;
			buildSettings = {
				ALWAYS_SEARCH_USER_PATHS = NO;
				CLANG_ANALYZER_NONNULL = YES;
				CLANG_CXX_LANGUAGE_STANDARD = "gnu++0x";
				CLANG_CXX_LIBRARY = "libc++";
				CLANG_ENABLE_MODULES = YES;
				CLANG_ENABLE_OBJC_ARC = YES;
				CLANG_WARN_BOOL_CONVERSION = YES;
				CLANG_WARN_CONSTANT_CONVERSION = YES;
				CLANG_WARN_DIRECT_OBJC_ISA_USAGE = YES_ERROR;
				CLANG_WARN_EMPTY_BODY = YES;
				CLANG_WARN_ENUM_CONVERSION = YES;
				CLANG_WARN_INT_CONVERSION = YES;
				CLANG_WARN_OBJC_ROOT_CLASS = YES_ERROR;
				CLANG_WARN_UNREACHABLE_CODE = YES;
				CLANG_WARN__DUPLICATE_METHOD_MATCH = YES;
				"CODE_SIGN_IDENTITY[sdk=iphoneos*]" = "iPhone Developer";
				COPY_PHASE_STRIP = NO;
				DEBUG_INFORMATION_FORMAT = "dwarf-with-dsym";
				ENABLE_NS_ASSERTIONS = NO;
				ENABLE_STRICT_OBJC_MSGSEND = YES;
				GCC_C_LANGUAGE_STANDARD = gnu99;
				GCC_NO_COMMON_BLOCKS = YES;
				GCC_WARN_64_TO_32_BIT_CONVERSION = YES;
				GCC_WARN_ABOUT_RETURN_TYPE = YES_ERROR;
				GCC_WARN_UNDECLARED_SELECTOR = YES;
				GCC_WARN_UNINITIALIZED_AUTOS = YES_AGGRESSIVE;
				GCC_WARN_UNUSED_FUNCTION = YES;
				GCC_WARN_UNUSED_VARIABLE = YES;
				IPHONEOS_DEPLOYMENT_TARGET = 9.0;
				MODULE_NAME = OraChallenge;
				MTL_ENABLE_DEBUG_INFO = NO;
				SDKROOT = iphoneos;
				VALIDATE_PRODUCT = YES;
			};
			name = Release;
		};
		FA1CA5421D690679002A7E8B /* Debug */ = {
			isa = XCBuildConfiguration;
			baseConfigurationReference = F1EC18C4C42D537B9847B3BC /* Pods-Ora Challenge.debug.xcconfig */;
			buildSettings = {
				ASSETCATALOG_COMPILER_APPICON_NAME = AppIcon;
				ASSETCATALOG_COMPILER_LAUNCHIMAGE_NAME = LaunchImage;
				INFOPLIST_FILE = "$(SRCROOT)/Ora Challenge/Supporting Files/Info.plist";
				LD_RUNPATH_SEARCH_PATHS = "$(inherited) @executable_path/Frameworks";
				PRODUCT_BUNDLE_IDENTIFIER = "com.alexkoller.ora-challenge";
				PRODUCT_NAME = "$(TARGET_NAME)";
			};
			name = Debug;
		};
		FA1CA5431D690679002A7E8B /* Release */ = {
			isa = XCBuildConfiguration;
			baseConfigurationReference = F26C5AC92D909F759B49BD6B /* Pods-Ora Challenge.release.xcconfig */;
			buildSettings = {
				ASSETCATALOG_COMPILER_APPICON_NAME = AppIcon;
				ASSETCATALOG_COMPILER_LAUNCHIMAGE_NAME = LaunchImage;
				INFOPLIST_FILE = "$(SRCROOT)/Ora Challenge/Supporting Files/Info.plist";
				LD_RUNPATH_SEARCH_PATHS = "$(inherited) @executable_path/Frameworks";
				PRODUCT_BUNDLE_IDENTIFIER = "com.alexkoller.ora-challenge";
				PRODUCT_NAME = "$(TARGET_NAME)";
			};
			name = Release;
		};
/* End XCBuildConfiguration section */

/* Begin XCConfigurationList section */
		FA1CA52A1D690679002A7E8B /* Build configuration list for PBXProject "Ora Challenge" */ = {
			isa = XCConfigurationList;
			buildConfigurations = (
				FA1CA53F1D690679002A7E8B /* Debug */,
				FA1CA5401D690679002A7E8B /* Release */,
			);
			defaultConfigurationIsVisible = 0;
			defaultConfigurationName = Release;
		};
		FA1CA5411D690679002A7E8B /* Build configuration list for PBXNativeTarget "Ora Challenge" */ = {
			isa = XCConfigurationList;
			buildConfigurations = (
				FA1CA5421D690679002A7E8B /* Debug */,
				FA1CA5431D690679002A7E8B /* Release */,
			);
			defaultConfigurationIsVisible = 0;
			defaultConfigurationName = Release;
		};
/* End XCConfigurationList section */
	};
	rootObject = FA1CA5271D690679002A7E8B /* Project object */;
}
